
Microsoft Visual Studio Solution File, Format Version 12.00
Project("{FAE04EC0-301F-11D3-BF4B-00C04F79EFBC}") = "VParkingOrders", "VParkingOrders\VParkingOrders.csproj", "{93AACA09-A281-45A8-A8C7-EF90E400D5E4}"
EndProject
Project("{2150E333-8FDC-42A3-9474-1A3956D46DE8}") = "Domain", "Domain", "{B4B946E9-6CE2-43A2-B68E-BA6AAF5F68CB}"
EndProject
Project("{FAE04EC0-301F-11D3-BF4B-00C04F79EFBC}") = "Domain.Entities", "Domain\Domain.Entities\Domain.Entities.csproj", "{BCA4DC78-0DE6-4931-A844-43DC46B95421}"
EndProject
Project("{2150E333-8FDC-42A3-9474-1A3956D46DE8}") = "Infrastructure", "Infrastructure", "{5F3F7ACC-ED33-4DA6-A98A-DF2B5D08BA89}"
EndProject
Project("{2150E333-8FDC-42A3-9474-1A3956D46DE8}") = "Services", "Services", "{477BF9A1-FFE1-4824-A47F-339498677FD6}"
EndProject
Project("{FAE04EC0-301F-11D3-BF4B-00C04F79EFBC}") = "Infrastructure.Entities", "Infrastructure\Infrastructure.Entities\Infrastructure.Entities.csproj", "{80873977-AA6D-4BB7-BB29-8141C2ACE400}"
EndProject
Project("{FAE04EC0-301F-11D3-BF4B-00C04F79EFBC}") = "Infrastructure.EntityFramework", "Infrastructure\Infrastructure.EntityFramework\Infrastructure.EntityFramework.csproj", "{1668887E-2022-4721-869C-ABBE02345648}"
EndProject
Project("{FAE04EC0-301F-11D3-BF4B-00C04F79EFBC}") = "Infrastructure.Repositories.Implementations", "Infrastructure\Infrastructure.Repositories.Implementations\Infrastructure.Repositories.Implementations.csproj", "{9A658A20-8F3B-4F34-BFAD-4AE545766EC4}"
EndProject
Project("{FAE04EC0-301F-11D3-BF4B-00C04F79EFBC}") = "Services.Abstractions", "Services\Services.Abstractions\Services.Abstractions.csproj", "{AA26A8B5-7EF8-4B9A-B0AD-1B384C51D0A7}"
EndProject
Project("{FAE04EC0-301F-11D3-BF4B-00C04F79EFBC}") = "Services.Contracts", "Services\Services.Contracts\Services.Contracts.csproj", "{203A8385-6AFC-4774-AD98-ADBD1500866A}"
EndProject
Project("{FAE04EC0-301F-11D3-BF4B-00C04F79EFBC}") = "Services.Implementations", "Services\Services.Implementations\Services.Implementations.csproj", "{F4B6D82F-3EE8-4ED6-A9F2-E803264A7DCD}"
EndProject
Project("{FAE04EC0-301F-11D3-BF4B-00C04F79EFBC}") = "Services.Repositories.Abstractions", "Services\Services.Repositories.Abstractions\Services.Repositories.Abstractions.csproj", "{11B1CAA5-2A9D-4821-BE3A-B32CECECE376}"
EndProject
Project("{FAE04EC0-301F-11D3-BF4B-00C04F79EFBC}") = "Common.Abstractions", "..\..\Common\src\Common.Abstractions\Common.Abstractions.csproj", "{3EA7A347-B793-499E-9428-52A94783A577}"
EndProject
Project("{FAE04EC0-301F-11D3-BF4B-00C04F79EFBC}") = "Common.Contracts", "..\..\Common\src\Common.Contracts\Common.Contracts.csproj", "{32E053EA-8EC7-48A3-B857-5E9E933C6326}"
EndProject
Project("{FAE04EC0-301F-11D3-BF4B-00C04F79EFBC}") = "Infrastructure.HttpClients", "Infrastructure.HttpClients\Infrastructure.HttpClients.csproj", "{71F63250-2D9F-4BBA-BDEF-BE8870DB96F5}"
EndProject
Project("{FAE04EC0-301F-11D3-BF4B-00C04F79EFBC}") = "Infrastructure.Queue", "Infrastructure.Queue\Infrastructure.Queue.csproj", "{A476EB1A-C13B-4714-9F6A-9672E3290490}"
EndProject
Project("{FAE04EC0-301F-11D3-BF4B-00C04F79EFBC}") = "Common.Infrastructure.Queue", "..\..\Common\src\Common.Infrastructure.Queue\Common.Infrastructure.Queue.csproj", "{F45D8B76-C2F6-4C3B-B37A-FD06200AF452}"
EndProject
Project("{FAE04EC0-301F-11D3-BF4B-00C04F79EFBC}") = "Infrastructure.Queue.Implementation", "Infrastructure.Queue.Implementation\Infrastructure.Queue.Implementation.csproj", "{D5891158-AE43-46A0-8764-D66B154A93F5}"
EndProject
Global
	GlobalSection(SolutionConfigurationPlatforms) = preSolution
		Debug|Any CPU = Debug|Any CPU
		Release|Any CPU = Release|Any CPU
	EndGlobalSection
	GlobalSection(ProjectConfigurationPlatforms) = postSolution
		{93AACA09-A281-45A8-A8C7-EF90E400D5E4}.Debug|Any CPU.ActiveCfg = Debug|Any CPU
		{93AACA09-A281-45A8-A8C7-EF90E400D5E4}.Debug|Any CPU.Build.0 = Debug|Any CPU
		{93AACA09-A281-45A8-A8C7-EF90E400D5E4}.Release|Any CPU.ActiveCfg = Release|Any CPU
		{93AACA09-A281-45A8-A8C7-EF90E400D5E4}.Release|Any CPU.Build.0 = Release|Any CPU
		{BCA4DC78-0DE6-4931-A844-43DC46B95421}.Debug|Any CPU.ActiveCfg = Debug|Any CPU
		{BCA4DC78-0DE6-4931-A844-43DC46B95421}.Debug|Any CPU.Build.0 = Debug|Any CPU
		{BCA4DC78-0DE6-4931-A844-43DC46B95421}.Release|Any CPU.ActiveCfg = Release|Any CPU
		{BCA4DC78-0DE6-4931-A844-43DC46B95421}.Release|Any CPU.Build.0 = Release|Any CPU
		{80873977-AA6D-4BB7-BB29-8141C2ACE400}.Debug|Any CPU.ActiveCfg = Debug|Any CPU
		{80873977-AA6D-4BB7-BB29-8141C2ACE400}.Debug|Any CPU.Build.0 = Debug|Any CPU
		{80873977-AA6D-4BB7-BB29-8141C2ACE400}.Release|Any CPU.ActiveCfg = Release|Any CPU
		{80873977-AA6D-4BB7-BB29-8141C2ACE400}.Release|Any CPU.Build.0 = Release|Any CPU
		{1668887E-2022-4721-869C-ABBE02345648}.Debug|Any CPU.ActiveCfg = Debug|Any CPU
		{1668887E-2022-4721-869C-ABBE02345648}.Debug|Any CPU.Build.0 = Debug|Any CPU
		{1668887E-2022-4721-869C-ABBE02345648}.Release|Any CPU.ActiveCfg = Release|Any CPU
		{1668887E-2022-4721-869C-ABBE02345648}.Release|Any CPU.Build.0 = Release|Any CPU
		{9A658A20-8F3B-4F34-BFAD-4AE545766EC4}.Debug|Any CPU.ActiveCfg = Debug|Any CPU
		{9A658A20-8F3B-4F34-BFAD-4AE545766EC4}.Debug|Any CPU.Build.0 = Debug|Any CPU
		{9A658A20-8F3B-4F34-BFAD-4AE545766EC4}.Release|Any CPU.ActiveCfg = Release|Any CPU
		{9A658A20-8F3B-4F34-BFAD-4AE545766EC4}.Release|Any CPU.Build.0 = Release|Any CPU
		{AA26A8B5-7EF8-4B9A-B0AD-1B384C51D0A7}.Debug|Any CPU.ActiveCfg = Debug|Any CPU
		{AA26A8B5-7EF8-4B9A-B0AD-1B384C51D0A7}.Debug|Any CPU.Build.0 = Debug|Any CPU
		{AA26A8B5-7EF8-4B9A-B0AD-1B384C51D0A7}.Release|Any CPU.ActiveCfg = Release|Any CPU
		{AA26A8B5-7EF8-4B9A-B0AD-1B384C51D0A7}.Release|Any CPU.Build.0 = Release|Any CPU
		{203A8385-6AFC-4774-AD98-ADBD1500866A}.Debug|Any CPU.ActiveCfg = Debug|Any CPU
		{203A8385-6AFC-4774-AD98-ADBD1500866A}.Debug|Any CPU.Build.0 = Debug|Any CPU
		{203A8385-6AFC-4774-AD98-ADBD1500866A}.Release|Any CPU.ActiveCfg = Release|Any CPU
		{203A8385-6AFC-4774-AD98-ADBD1500866A}.Release|Any CPU.Build.0 = Release|Any CPU
		{F4B6D82F-3EE8-4ED6-A9F2-E803264A7DCD}.Debug|Any CPU.ActiveCfg = Debug|Any CPU
		{F4B6D82F-3EE8-4ED6-A9F2-E803264A7DCD}.Debug|Any CPU.Build.0 = Debug|Any CPU
		{F4B6D82F-3EE8-4ED6-A9F2-E803264A7DCD}.Release|Any CPU.ActiveCfg = Release|Any CPU
		{F4B6D82F-3EE8-4ED6-A9F2-E803264A7DCD}.Release|Any CPU.Build.0 = Release|Any CPU
		{11B1CAA5-2A9D-4821-BE3A-B32CECECE376}.Debug|Any CPU.ActiveCfg = Debug|Any CPU
		{11B1CAA5-2A9D-4821-BE3A-B32CECECE376}.Debug|Any CPU.Build.0 = Debug|Any CPU
		{11B1CAA5-2A9D-4821-BE3A-B32CECECE376}.Release|Any CPU.ActiveCfg = Release|Any CPU
		{11B1CAA5-2A9D-4821-BE3A-B32CECECE376}.Release|Any CPU.Build.0 = Release|Any CPU
		{3EA7A347-B793-499E-9428-52A94783A577}.Debug|Any CPU.ActiveCfg = Debug|Any CPU
		{3EA7A347-B793-499E-9428-52A94783A577}.Debug|Any CPU.Build.0 = Debug|Any CPU
		{3EA7A347-B793-499E-9428-52A94783A577}.Release|Any CPU.ActiveCfg = Release|Any CPU
		{3EA7A347-B793-499E-9428-52A94783A577}.Release|Any CPU.Build.0 = Release|Any CPU
		{32E053EA-8EC7-48A3-B857-5E9E933C6326}.Debug|Any CPU.ActiveCfg = Debug|Any CPU
		{32E053EA-8EC7-48A3-B857-5E9E933C6326}.Debug|Any CPU.Build.0 = Debug|Any CPU
		{32E053EA-8EC7-48A3-B857-5E9E933C6326}.Release|Any CPU.ActiveCfg = Release|Any CPU
		{32E053EA-8EC7-48A3-B857-5E9E933C6326}.Release|Any CPU.Build.0 = Release|Any CPU
		{71F63250-2D9F-4BBA-BDEF-BE8870DB96F5}.Debug|Any CPU.ActiveCfg = Debug|Any CPU
		{71F63250-2D9F-4BBA-BDEF-BE8870DB96F5}.Debug|Any CPU.Build.0 = Debug|Any CPU
		{71F63250-2D9F-4BBA-BDEF-BE8870DB96F5}.Release|Any CPU.ActiveCfg = Release|Any CPU
		{71F63250-2D9F-4BBA-BDEF-BE8870DB96F5}.Release|Any CPU.Build.0 = Release|Any CPU
		{A476EB1A-C13B-4714-9F6A-9672E3290490}.Debug|Any CPU.ActiveCfg = Debug|Any CPU
		{A476EB1A-C13B-4714-9F6A-9672E3290490}.Debug|Any CPU.Build.0 = Debug|Any CPU
		{A476EB1A-C13B-4714-9F6A-9672E3290490}.Release|Any CPU.ActiveCfg = Release|Any CPU
		{A476EB1A-C13B-4714-9F6A-9672E3290490}.Release|Any CPU.Build.0 = Release|Any CPU
		{F45D8B76-C2F6-4C3B-B37A-FD06200AF452}.Debug|Any CPU.ActiveCfg = Debug|Any CPU
		{F45D8B76-C2F6-4C3B-B37A-FD06200AF452}.Debug|Any CPU.Build.0 = Debug|Any CPU
		{F45D8B76-C2F6-4C3B-B37A-FD06200AF452}.Release|Any CPU.ActiveCfg = Release|Any CPU
		{F45D8B76-C2F6-4C3B-B37A-FD06200AF452}.Release|Any CPU.Build.0 = Release|Any CPU
		{D5891158-AE43-46A0-8764-D66B154A93F5}.Debug|Any CPU.ActiveCfg = Debug|Any CPU
		{D5891158-AE43-46A0-8764-D66B154A93F5}.Debug|Any CPU.Build.0 = Debug|Any CPU
		{D5891158-AE43-46A0-8764-D66B154A93F5}.Release|Any CPU.ActiveCfg = Release|Any CPU
		{D5891158-AE43-46A0-8764-D66B154A93F5}.Release|Any CPU.Build.0 = Release|Any CPU
	EndGlobalSection
	GlobalSection(NestedProjects) = preSolution
		{BCA4DC78-0DE6-4931-A844-43DC46B95421} = {B4B946E9-6CE2-43A2-B68E-BA6AAF5F68CB}
		{80873977-AA6D-4BB7-BB29-8141C2ACE400} = {5F3F7ACC-ED33-4DA6-A98A-DF2B5D08BA89}
		{1668887E-2022-4721-869C-ABBE02345648} = {5F3F7ACC-ED33-4DA6-A98A-DF2B5D08BA89}
		{9A658A20-8F3B-4F34-BFAD-4AE545766EC4} = {5F3F7ACC-ED33-4DA6-A98A-DF2B5D08BA89}
		{AA26A8B5-7EF8-4B9A-B0AD-1B384C51D0A7} = {477BF9A1-FFE1-4824-A47F-339498677FD6}
		{203A8385-6AFC-4774-AD98-ADBD1500866A} = {477BF9A1-FFE1-4824-A47F-339498677FD6}
		{F4B6D82F-3EE8-4ED6-A9F2-E803264A7DCD} = {477BF9A1-FFE1-4824-A47F-339498677FD6}
		{11B1CAA5-2A9D-4821-BE3A-B32CECECE376} = {477BF9A1-FFE1-4824-A47F-339498677FD6}
		{3EA7A347-B793-499E-9428-52A94783A577} = {5F3F7ACC-ED33-4DA6-A98A-DF2B5D08BA89}
		{32E053EA-8EC7-48A3-B857-5E9E933C6326} = {5F3F7ACC-ED33-4DA6-A98A-DF2B5D08BA89}
		{71F63250-2D9F-4BBA-BDEF-BE8870DB96F5} = {5F3F7ACC-ED33-4DA6-A98A-DF2B5D08BA89}
		{A476EB1A-C13B-4714-9F6A-9672E3290490} = {5F3F7ACC-ED33-4DA6-A98A-DF2B5D08BA89}
		{F45D8B76-C2F6-4C3B-B37A-FD06200AF452} = {5F3F7ACC-ED33-4DA6-A98A-DF2B5D08BA89}
		{D5891158-AE43-46A0-8764-D66B154A93F5} = {5F3F7ACC-ED33-4DA6-A98A-DF2B5D08BA89}
	EndGlobalSection
EndGlobal
