dependencies:
- name: ingress-nginx
  repository: ""
  version: 4.12.0
- name: kube-prometheus-stack
  repository: ""
  version: 68.2.1
- name: vparking-settings
  repository: ""
  version: 0.1.0
digest: sha256:d2c11d4bb60768a4cd465741a02313d788c4ebef0db6df5058583c8ca4fdc161
generated: "2025-05-04T12:32:03.452786+03:00"
