
Microsoft Visual Studio Solution File, Format Version 12.00
# Visual Studio Version 17
VisualStudioVersion = 17.0.31903.59
MinimumVisualStudioVersion = 10.0.40219.1
Project("{2150E333-8FDC-42A3-9474-1A3956D46DE8}") = "Core", "Core", "{FBF56CC3-7AE6-AD2D-3F14-7F97FD322CD6}"
EndProject
Project("{FAE04EC0-301F-11D3-BF4B-00C04F79EFBC}") = "Entities", "Core\Entities\Entities.csproj", "{A4544FCA-7810-4D35-B85E-782D11BA4118}"
EndProject
Project("{2150E333-8FDC-42A3-9474-1A3956D46DE8}") = "Infrastructure", "Infrastructure", "{DFEE68D8-A7D0-1A41-506C-9B74AA9A7B7B}"
EndProject
Project("{2150E333-8FDC-42A3-9474-1A3956D46DE8}") = "SecondaryAdapters", "SecondaryAdapters", "{C3FAD114-31C4-BEE4-A36E-0BDA15638D98}"
EndProject
Project("{FAE04EC0-301F-11D3-BF4B-00C04F79EFBC}") = "PTZ", "Infrastructure\SecondaryAdapters\PTZ\PTZ.csproj", "{F9126E88-E5F1-4F97-BCC6-D08A329387DF}"
EndProject
Project("{FAE04EC0-301F-11D3-BF4B-00C04F79EFBC}") = "Interfaces", "Core\Interfaces\Interfaces.csproj", "{9D3EC802-C24E-436B-BB54-CC14C6A27AF5}"
EndProject
Project("{FAE04EC0-301F-11D3-BF4B-00C04F79EFBC}") = "Services", "Services\Services.csproj", "{5071FAD0-5068-432E-A7F7-DBA196DF739E}"
EndProject
Project("{2150E333-8FDC-42A3-9474-1A3956D46DE8}") = "PrimaryAdapters", "PrimaryAdapters", "{6A72FB63-C981-440E-88C9-C567F87E1F8C}"
EndProject
Project("{FAE04EC0-301F-11D3-BF4B-00C04F79EFBC}") = "MoveCamera", "MoveCamera\MoveCamera.csproj", "{11B2A5F1-428E-41F7-8027-1FA8A471FD46}"
EndProject
Project("{FAE04EC0-301F-11D3-BF4B-00C04F79EFBC}") = "ONVIF", "Infrastructure\SecondaryAdapters\ONVIF\ONVIF.csproj", "{48FB6844-68E5-4F64-AAC9-452AAB10C38D}"
EndProject
Global
	GlobalSection(SolutionConfigurationPlatforms) = preSolution
		Debug|Any CPU = Debug|Any CPU
		Debug|x64 = Debug|x64
		Debug|x86 = Debug|x86
		Release|Any CPU = Release|Any CPU
		Release|x64 = Release|x64
		Release|x86 = Release|x86
	EndGlobalSection
	GlobalSection(ProjectConfigurationPlatforms) = postSolution
		{A4544FCA-7810-4D35-B85E-782D11BA4118}.Debug|Any CPU.ActiveCfg = Debug|Any CPU
		{A4544FCA-7810-4D35-B85E-782D11BA4118}.Debug|Any CPU.Build.0 = Debug|Any CPU
		{A4544FCA-7810-4D35-B85E-782D11BA4118}.Debug|x64.ActiveCfg = Debug|Any CPU
		{A4544FCA-7810-4D35-B85E-782D11BA4118}.Debug|x64.Build.0 = Debug|Any CPU
		{A4544FCA-7810-4D35-B85E-782D11BA4118}.Debug|x86.ActiveCfg = Debug|Any CPU
		{A4544FCA-7810-4D35-B85E-782D11BA4118}.Debug|x86.Build.0 = Debug|Any CPU
		{A4544FCA-7810-4D35-B85E-782D11BA4118}.Release|Any CPU.ActiveCfg = Release|Any CPU
		{A4544FCA-7810-4D35-B85E-782D11BA4118}.Release|Any CPU.Build.0 = Release|Any CPU
		{A4544FCA-7810-4D35-B85E-782D11BA4118}.Release|x64.ActiveCfg = Release|Any CPU
		{A4544FCA-7810-4D35-B85E-782D11BA4118}.Release|x64.Build.0 = Release|Any CPU
		{A4544FCA-7810-4D35-B85E-782D11BA4118}.Release|x86.ActiveCfg = Release|Any CPU
		{A4544FCA-7810-4D35-B85E-782D11BA4118}.Release|x86.Build.0 = Release|Any CPU
		{F9126E88-E5F1-4F97-BCC6-D08A329387DF}.Debug|Any CPU.ActiveCfg = Debug|Any CPU
		{F9126E88-E5F1-4F97-BCC6-D08A329387DF}.Debug|Any CPU.Build.0 = Debug|Any CPU
		{F9126E88-E5F1-4F97-BCC6-D08A329387DF}.Debug|x64.ActiveCfg = Debug|Any CPU
		{F9126E88-E5F1-4F97-BCC6-D08A329387DF}.Debug|x64.Build.0 = Debug|Any CPU
		{F9126E88-E5F1-4F97-BCC6-D08A329387DF}.Debug|x86.ActiveCfg = Debug|Any CPU
		{F9126E88-E5F1-4F97-BCC6-D08A329387DF}.Debug|x86.Build.0 = Debug|Any CPU
		{F9126E88-E5F1-4F97-BCC6-D08A329387DF}.Release|Any CPU.ActiveCfg = Release|Any CPU
		{F9126E88-E5F1-4F97-BCC6-D08A329387DF}.Release|Any CPU.Build.0 = Release|Any CPU
		{F9126E88-E5F1-4F97-BCC6-D08A329387DF}.Release|x64.ActiveCfg = Release|Any CPU
		{F9126E88-E5F1-4F97-BCC6-D08A329387DF}.Release|x64.Build.0 = Release|Any CPU
		{F9126E88-E5F1-4F97-BCC6-D08A329387DF}.Release|x86.ActiveCfg = Release|Any CPU
		{F9126E88-E5F1-4F97-BCC6-D08A329387DF}.Release|x86.Build.0 = Release|Any CPU
		{9D3EC802-C24E-436B-BB54-CC14C6A27AF5}.Debug|Any CPU.ActiveCfg = Debug|Any CPU
		{9D3EC802-C24E-436B-BB54-CC14C6A27AF5}.Debug|Any CPU.Build.0 = Debug|Any CPU
		{9D3EC802-C24E-436B-BB54-CC14C6A27AF5}.Debug|x64.ActiveCfg = Debug|Any CPU
		{9D3EC802-C24E-436B-BB54-CC14C6A27AF5}.Debug|x64.Build.0 = Debug|Any CPU
		{9D3EC802-C24E-436B-BB54-CC14C6A27AF5}.Debug|x86.ActiveCfg = Debug|Any CPU
		{9D3EC802-C24E-436B-BB54-CC14C6A27AF5}.Debug|x86.Build.0 = Debug|Any CPU
		{9D3EC802-C24E-436B-BB54-CC14C6A27AF5}.Release|Any CPU.ActiveCfg = Release|Any CPU
		{9D3EC802-C24E-436B-BB54-CC14C6A27AF5}.Release|Any CPU.Build.0 = Release|Any CPU
		{9D3EC802-C24E-436B-BB54-CC14C6A27AF5}.Release|x64.ActiveCfg = Release|Any CPU
		{9D3EC802-C24E-436B-BB54-CC14C6A27AF5}.Release|x64.Build.0 = Release|Any CPU
		{9D3EC802-C24E-436B-BB54-CC14C6A27AF5}.Release|x86.ActiveCfg = Release|Any CPU
		{9D3EC802-C24E-436B-BB54-CC14C6A27AF5}.Release|x86.Build.0 = Release|Any CPU
		{5071FAD0-5068-432E-A7F7-DBA196DF739E}.Debug|Any CPU.ActiveCfg = Debug|Any CPU
		{5071FAD0-5068-432E-A7F7-DBA196DF739E}.Debug|Any CPU.Build.0 = Debug|Any CPU
		{5071FAD0-5068-432E-A7F7-DBA196DF739E}.Debug|x64.ActiveCfg = Debug|Any CPU
		{5071FAD0-5068-432E-A7F7-DBA196DF739E}.Debug|x64.Build.0 = Debug|Any CPU
		{5071FAD0-5068-432E-A7F7-DBA196DF739E}.Debug|x86.ActiveCfg = Debug|Any CPU
		{5071FAD0-5068-432E-A7F7-DBA196DF739E}.Debug|x86.Build.0 = Debug|Any CPU
		{5071FAD0-5068-432E-A7F7-DBA196DF739E}.Release|Any CPU.ActiveCfg = Release|Any CPU
		{5071FAD0-5068-432E-A7F7-DBA196DF739E}.Release|Any CPU.Build.0 = Release|Any CPU
		{5071FAD0-5068-432E-A7F7-DBA196DF739E}.Release|x64.ActiveCfg = Release|Any CPU
		{5071FAD0-5068-432E-A7F7-DBA196DF739E}.Release|x64.Build.0 = Release|Any CPU
		{5071FAD0-5068-432E-A7F7-DBA196DF739E}.Release|x86.ActiveCfg = Release|Any CPU
		{5071FAD0-5068-432E-A7F7-DBA196DF739E}.Release|x86.Build.0 = Release|Any CPU
		{11B2A5F1-428E-41F7-8027-1FA8A471FD46}.Debug|Any CPU.ActiveCfg = Debug|Any CPU
		{11B2A5F1-428E-41F7-8027-1FA8A471FD46}.Debug|Any CPU.Build.0 = Debug|Any CPU
		{11B2A5F1-428E-41F7-8027-1FA8A471FD46}.Debug|x64.ActiveCfg = Debug|Any CPU
		{11B2A5F1-428E-41F7-8027-1FA8A471FD46}.Debug|x64.Build.0 = Debug|Any CPU
		{11B2A5F1-428E-41F7-8027-1FA8A471FD46}.Debug|x86.ActiveCfg = Debug|Any CPU
		{11B2A5F1-428E-41F7-8027-1FA8A471FD46}.Debug|x86.Build.0 = Debug|Any CPU
		{11B2A5F1-428E-41F7-8027-1FA8A471FD46}.Release|Any CPU.ActiveCfg = Release|Any CPU
		{11B2A5F1-428E-41F7-8027-1FA8A471FD46}.Release|Any CPU.Build.0 = Release|Any CPU
		{11B2A5F1-428E-41F7-8027-1FA8A471FD46}.Release|x64.ActiveCfg = Release|Any CPU
		{11B2A5F1-428E-41F7-8027-1FA8A471FD46}.Release|x64.Build.0 = Release|Any CPU
		{11B2A5F1-428E-41F7-8027-1FA8A471FD46}.Release|x86.ActiveCfg = Release|Any CPU
		{11B2A5F1-428E-41F7-8027-1FA8A471FD46}.Release|x86.Build.0 = Release|Any CPU
		{48FB6844-68E5-4F64-AAC9-452AAB10C38D}.Debug|Any CPU.ActiveCfg = Debug|Any CPU
		{48FB6844-68E5-4F64-AAC9-452AAB10C38D}.Debug|Any CPU.Build.0 = Debug|Any CPU
		{48FB6844-68E5-4F64-AAC9-452AAB10C38D}.Debug|x64.ActiveCfg = Debug|Any CPU
		{48FB6844-68E5-4F64-AAC9-452AAB10C38D}.Debug|x64.Build.0 = Debug|Any CPU
		{48FB6844-68E5-4F64-AAC9-452AAB10C38D}.Debug|x86.ActiveCfg = Debug|Any CPU
		{48FB6844-68E5-4F64-AAC9-452AAB10C38D}.Debug|x86.Build.0 = Debug|Any CPU
		{48FB6844-68E5-4F64-AAC9-452AAB10C38D}.Release|Any CPU.ActiveCfg = Release|Any CPU
		{48FB6844-68E5-4F64-AAC9-452AAB10C38D}.Release|Any CPU.Build.0 = Release|Any CPU
		{48FB6844-68E5-4F64-AAC9-452AAB10C38D}.Release|x64.ActiveCfg = Release|Any CPU
		{48FB6844-68E5-4F64-AAC9-452AAB10C38D}.Release|x64.Build.0 = Release|Any CPU
		{48FB6844-68E5-4F64-AAC9-452AAB10C38D}.Release|x86.ActiveCfg = Release|Any CPU
		{48FB6844-68E5-4F64-AAC9-452AAB10C38D}.Release|x86.Build.0 = Release|Any CPU
	EndGlobalSection
	GlobalSection(SolutionProperties) = preSolution
		HideSolutionNode = FALSE
	EndGlobalSection
	GlobalSection(NestedProjects) = preSolution
		{A4544FCA-7810-4D35-B85E-782D11BA4118} = {FBF56CC3-7AE6-AD2D-3F14-7F97FD322CD6}
		{C3FAD114-31C4-BEE4-A36E-0BDA15638D98} = {DFEE68D8-A7D0-1A41-506C-9B74AA9A7B7B}
		{F9126E88-E5F1-4F97-BCC6-D08A329387DF} = {C3FAD114-31C4-BEE4-A36E-0BDA15638D98}
		{9D3EC802-C24E-436B-BB54-CC14C6A27AF5} = {FBF56CC3-7AE6-AD2D-3F14-7F97FD322CD6}
		{5071FAD0-5068-432E-A7F7-DBA196DF739E} = {FBF56CC3-7AE6-AD2D-3F14-7F97FD322CD6}
		{6A72FB63-C981-440E-88C9-C567F87E1F8C} = {DFEE68D8-A7D0-1A41-506C-9B74AA9A7B7B}
		{11B2A5F1-428E-41F7-8027-1FA8A471FD46} = {6A72FB63-C981-440E-88C9-C567F87E1F8C}
		{48FB6844-68E5-4F64-AAC9-452AAB10C38D} = {C3FAD114-31C4-BEE4-A36E-0BDA15638D98}
	EndGlobalSection
EndGlobal
